// !$*UTF8*$!
{
	archiveVersion = 1;
	classes = {
	};
	objectVersion = 55;
	objects = {

/* Begin PBXBuildFile section */
		2A468C35AE6213A7A6FAEF56 /* Pods_UIKIT_Handbook.framework in Frameworks */ = {isa = PBXBuildFile; fileRef = 76E08461C299FBC3816FD2A3 /* Pods_UIKIT_Handbook.framework */; };
		7072B31B285B30AC0080F96A /* AppDelegate.swift in Sources */ = {isa = PBXBuildFile; fileRef = 7072B31A285B30AC0080F96A /* AppDelegate.swift */; };
		7072B31D285B30AC0080F96A /* SceneDelegate.swift in Sources */ = {isa = PBXBuildFile; fileRef = 7072B31C285B30AC0080F96A /* SceneDelegate.swift */; };
		7072B31F285B30AC0080F96A /* ViewController.swift in Sources */ = {isa = PBXBuildFile; fileRef = 7072B31E285B30AC0080F96A /* ViewController.swift */; };
		7072B322285B30AC0080F96A /* Main.storyboard in Resources */ = {isa = PBXBuildFile; fileRef = 7072B320285B30AC0080F96A /* Main.storyboard */; };
		7072B324285B30AD0080F96A /* Assets.xcassets in Resources */ = {isa = PBXBuildFile; fileRef = 7072B323285B30AD0080F96A /* Assets.xcassets */; };
		7072B327285B30AD0080F96A /* LaunchScreen.storyboard in Resources */ = {isa = PBXBuildFile; fileRef = 7072B325285B30AD0080F96A /* LaunchScreen.storyboard */; };
		7072B332285B30AD0080F96A /* UIKIT_HandbookTests.swift in Sources */ = {isa = PBXBuildFile; fileRef = 7072B331285B30AD0080F96A /* UIKIT_HandbookTests.swift */; };
		7072B33C285B30AD0080F96A /* UIKIT_HandbookUITests.swift in Sources */ = {isa = PBXBuildFile; fileRef = 7072B33B285B30AD0080F96A /* UIKIT_HandbookUITests.swift */; };
		7072B33E285B30AD0080F96A /* UIKIT_HandbookUITestsLaunchTests.swift in Sources */ = {isa = PBXBuildFile; fileRef = 7072B33D285B30AD0080F96A /* UIKIT_HandbookUITestsLaunchTests.swift */; };
		7072B34C285B32AC0080F96A /* ExtensionUI.swift in Sources */ = {isa = PBXBuildFile; fileRef = 7072B34B285B32AC0080F96A /* ExtensionUI.swift */; };
		7072B34F285B33670080F96A /* TabBarViewController.swift in Sources */ = {isa = PBXBuildFile; fileRef = 7072B34E285B33670080F96A /* TabBarViewController.swift */; };
		7072B351285B33A00080F96A /* RootViewController.swift in Sources */ = {isa = PBXBuildFile; fileRef = 7072B350285B33A00080F96A /* RootViewController.swift */; };
		7072B353285B35700080F96A /* HexStringToUIColor.swift in Sources */ = {isa = PBXBuildFile; fileRef = 7072B352285B35700080F96A /* HexStringToUIColor.swift */; };
		70E4A3EF285B384F0052A19D /* Toast.swift in Sources */ = {isa = PBXBuildFile; fileRef = 70E4A3EE285B384F0052A19D /* Toast.swift */; };
		70E4A3F1285B38950052A19D /* UIView+Extension.swift in Sources */ = {isa = PBXBuildFile; fileRef = 70E4A3F0285B38950052A19D /* UIView+Extension.swift */; };
		72B83758973E9DBE437ECB93 /* Pods_UIKIT_Handbook_UIKIT_HandbookUITests.framework in Frameworks */ = {isa = PBXBuildFile; fileRef = 6DE6D3B21682AAB28EF3F299 /* Pods_UIKIT_Handbook_UIKIT_HandbookUITests.framework */; };
		B704242D067027095DEDA373 /* Pods_UIKIT_HandbookTests.framework in Frameworks */ = {isa = PBXBuildFile; fileRef = 22092C6CBB1B70BFCEBCD608 /* Pods_UIKIT_HandbookTests.framework */; };
/* End PBXBuildFile section */

/* Begin PBXContainerItemProxy section */
		7072B32E285B30AD0080F96A /* PBXContainerItemProxy */ = {
			isa = PBXContainerItemProxy;
			containerPortal = 7072B30F285B30AC0080F96A /* Project object */;
			proxyType = 1;
			remoteGlobalIDString = 7072B316285B30AC0080F96A;
			remoteInfo = "UIKIT-Handbook";
		};
		7072B338285B30AD0080F96A /* PBXContainerItemProxy */ = {
			isa = PBXContainerItemProxy;
			containerPortal = 7072B30F285B30AC0080F96A /* Project object */;
			proxyType = 1;
			remoteGlobalIDString = 7072B316285B30AC0080F96A;
			remoteInfo = "UIKIT-Handbook";
		};
/* End PBXContainerItemProxy section */

/* Begin PBXFileReference section */
		22092C6CBB1B70BFCEBCD608 /* Pods_UIKIT_HandbookTests.framework */ = {isa = PBXFileReference; explicitFileType = wrapper.framework; includeInIndex = 0; path = Pods_UIKIT_HandbookTests.framework; sourceTree = BUILT_PRODUCTS_DIR; };
		4C799609ABC3276475596F8E /* Pods-UIKIT-Handbook.release.xcconfig */ = {isa = PBXFileReference; includeInIndex = 1; lastKnownFileType = text.xcconfig; name = "Pods-UIKIT-Handbook.release.xcconfig"; path = "Target Support Files/Pods-UIKIT-Handbook/Pods-UIKIT-Handbook.release.xcconfig"; sourceTree = "<group>"; };
		66A0ECAEC8FE9AF51C9E4187 /* Pods-UIKIT-Handbook-UIKIT-HandbookUITests.release.xcconfig */ = {isa = PBXFileReference; includeInIndex = 1; lastKnownFileType = text.xcconfig; name = "Pods-UIKIT-Handbook-UIKIT-HandbookUITests.release.xcconfig"; path = "Target Support Files/Pods-UIKIT-Handbook-UIKIT-HandbookUITests/Pods-UIKIT-Handbook-UIKIT-HandbookUITests.release.xcconfig"; sourceTree = "<group>"; };
		6A365B1A435524D13634ABF2 /* Pods-UIKIT-Handbook-UIKIT-HandbookUITests.debug.xcconfig */ = {isa = PBXFileReference; includeInIndex = 1; lastKnownFileType = text.xcconfig; name = "Pods-UIKIT-Handbook-UIKIT-HandbookUITests.debug.xcconfig"; path = "Target Support Files/Pods-UIKIT-Handbook-UIKIT-HandbookUITests/Pods-UIKIT-Handbook-UIKIT-HandbookUITests.debug.xcconfig"; sourceTree = "<group>"; };
		6DE6D3B21682AAB28EF3F299 /* Pods_UIKIT_Handbook_UIKIT_HandbookUITests.framework */ = {isa = PBXFileReference; explicitFileType = wrapper.framework; includeInIndex = 0; path = Pods_UIKIT_Handbook_UIKIT_HandbookUITests.framework; sourceTree = BUILT_PRODUCTS_DIR; };
		7072B317285B30AC0080F96A /* UIKIT-Handbook.app */ = {isa = PBXFileReference; explicitFileType = wrapper.application; includeInIndex = 0; path = "UIKIT-Handbook.app"; sourceTree = BUILT_PRODUCTS_DIR; };
		7072B31A285B30AC0080F96A /* AppDelegate.swift */ = {isa = PBXFileReference; lastKnownFileType = sourcecode.swift; path = AppDelegate.swift; sourceTree = "<group>"; };
		7072B31C285B30AC0080F96A /* SceneDelegate.swift */ = {isa = PBXFileReference; lastKnownFileType = sourcecode.swift; path = SceneDelegate.swift; sourceTree = "<group>"; };
		7072B31E285B30AC0080F96A /* ViewController.swift */ = {isa = PBXFileReference; lastKnownFileType = sourcecode.swift; path = ViewController.swift; sourceTree = "<group>"; };
		7072B321285B30AC0080F96A /* Base */ = {isa = PBXFileReference; lastKnownFileType = file.storyboard; name = Base; path = Base.lproj/Main.storyboard; sourceTree = "<group>"; };
		7072B323285B30AD0080F96A /* Assets.xcassets */ = {isa = PBXFileReference; lastKnownFileType = folder.assetcatalog; path = Assets.xcassets; sourceTree = "<group>"; };
		7072B326285B30AD0080F96A /* Base */ = {isa = PBXFileReference; lastKnownFileType = file.storyboard; name = Base; path = Base.lproj/LaunchScreen.storyboard; sourceTree = "<group>"; };
		7072B328285B30AD0080F96A /* Info.plist */ = {isa = PBXFileReference; lastKnownFileType = text.plist.xml; path = Info.plist; sourceTree = "<group>"; };
		7072B32D285B30AD0080F96A /* UIKIT-HandbookTests.xctest */ = {isa = PBXFileReference; explicitFileType = wrapper.cfbundle; includeInIndex = 0; path = "UIKIT-HandbookTests.xctest"; sourceTree = BUILT_PRODUCTS_DIR; };
		7072B331285B30AD0080F96A /* UIKIT_HandbookTests.swift */ = {isa = PBXFileReference; lastKnownFileType = sourcecode.swift; path = UIKIT_HandbookTests.swift; sourceTree = "<group>"; };
		7072B337285B30AD0080F96A /* UIKIT-HandbookUITests.xctest */ = {isa = PBXFileReference; explicitFileType = wrapper.cfbundle; includeInIndex = 0; path = "UIKIT-HandbookUITests.xctest"; sourceTree = BUILT_PRODUCTS_DIR; };
		7072B33B285B30AD0080F96A /* UIKIT_HandbookUITests.swift */ = {isa = PBXFileReference; lastKnownFileType = sourcecode.swift; path = UIKIT_HandbookUITests.swift; sourceTree = "<group>"; };
		7072B33D285B30AD0080F96A /* UIKIT_HandbookUITestsLaunchTests.swift */ = {isa = PBXFileReference; lastKnownFileType = sourcecode.swift; path = UIKIT_HandbookUITestsLaunchTests.swift; sourceTree = "<group>"; };
		7072B34B285B32AC0080F96A /* ExtensionUI.swift */ = {isa = PBXFileReference; lastKnownFileType = sourcecode.swift; path = ExtensionUI.swift; sourceTree = "<group>"; };
		7072B34E285B33670080F96A /* TabBarViewController.swift */ = {isa = PBXFileReference; lastKnownFileType = sourcecode.swift; path = TabBarViewController.swift; sourceTree = "<group>"; };
		7072B350285B33A00080F96A /* RootViewController.swift */ = {isa = PBXFileReference; lastKnownFileType = sourcecode.swift; path = RootViewController.swift; sourceTree = "<group>"; };
		7072B352285B35700080F96A /* HexStringToUIColor.swift */ = {isa = PBXFileReference; lastKnownFileType = sourcecode.swift; path = HexStringToUIColor.swift; sourceTree = "<group>"; };
		70E4A3EE285B384F0052A19D /* Toast.swift */ = {isa = PBXFileReference; lastKnownFileType = sourcecode.swift; path = Toast.swift; sourceTree = "<group>"; };
		70E4A3F0285B38950052A19D /* UIView+Extension.swift */ = {isa = PBXFileReference; lastKnownFileType = sourcecode.swift; path = "UIView+Extension.swift"; sourceTree = "<group>"; };
		7500B69C59A6776AB9ABBE29 /* Pods-UIKIT-Handbook.debug.xcconfig */ = {isa = PBXFileReference; includeInIndex = 1; lastKnownFileType = text.xcconfig; name = "Pods-UIKIT-Handbook.debug.xcconfig"; path = "Target Support Files/Pods-UIKIT-Handbook/Pods-UIKIT-Handbook.debug.xcconfig"; sourceTree = "<group>"; };
		76E08461C299FBC3816FD2A3 /* Pods_UIKIT_Handbook.framework */ = {isa = PBXFileReference; explicitFileType = wrapper.framework; includeInIndex = 0; path = Pods_UIKIT_Handbook.framework; sourceTree = BUILT_PRODUCTS_DIR; };
		906F9A588EE080122585A997 /* Pods-UIKIT-HandbookTests.release.xcconfig */ = {isa = PBXFileReference; includeInIndex = 1; lastKnownFileType = text.xcconfig; name = "Pods-UIKIT-HandbookTests.release.xcconfig"; path = "Target Support Files/Pods-UIKIT-HandbookTests/Pods-UIKIT-HandbookTests.release.xcconfig"; sourceTree = "<group>"; };
		B1E0659434D4F431D077A47F /* Pods-UIKIT-HandbookTests.debug.xcconfig */ = {isa = PBXFileReference; includeInIndex = 1; lastKnownFileType = text.xcconfig; name = "Pods-UIKIT-HandbookTests.debug.xcconfig"; path = "Target Support Files/Pods-UIKIT-HandbookTests/Pods-UIKIT-HandbookTests.debug.xcconfig"; sourceTree = "<group>"; };
/* End PBXFileReference section */

/* Begin PBXFrameworksBuildPhase section */
		7072B314285B30AC0080F96A /* Frameworks */ = {
			isa = PBXFrameworksBuildPhase;
			buildActionMask = 2147483647;
			files = (
				2A468C35AE6213A7A6FAEF56 /* Pods_UIKIT_Handbook.framework in Frameworks */,
			);
			runOnlyForDeploymentPostprocessing = 0;
		};
		7072B32A285B30AD0080F96A /* Frameworks */ = {
			isa = PBXFrameworksBuildPhase;
			buildActionMask = 2147483647;
			files = (
				B704242D067027095DEDA373 /* Pods_UIKIT_HandbookTests.framework in Frameworks */,
			);
			runOnlyForDeploymentPostprocessing = 0;
		};
		7072B334285B30AD0080F96A /* Frameworks */ = {
			isa = PBXFrameworksBuildPhase;
			buildActionMask = 2147483647;
			files = (
				72B83758973E9DBE437ECB93 /* Pods_UIKIT_Handbook_UIKIT_HandbookUITests.framework in Frameworks */,
			);
			runOnlyForDeploymentPostprocessing = 0;
		};
/* End PBXFrameworksBuildPhase section */

/* Begin PBXGroup section */
		09112F54D7C4EE5DC91896A8 /* Frameworks */ = {
			isa = PBXGroup;
			children = (
				76E08461C299FBC3816FD2A3 /* Pods_UIKIT_Handbook.framework */,
				6DE6D3B21682AAB28EF3F299 /* Pods_UIKIT_Handbook_UIKIT_HandbookUITests.framework */,
				22092C6CBB1B70BFCEBCD608 /* Pods_UIKIT_HandbookTests.framework */,
			);
			name = Frameworks;
			sourceTree = "<group>";
		};
		7072B30E285B30AC0080F96A = {
			isa = PBXGroup;
			children = (
				7072B319285B30AC0080F96A /* UIKIT-Handbook */,
				7072B330285B30AD0080F96A /* UIKIT-HandbookTests */,
				7072B33A285B30AD0080F96A /* UIKIT-HandbookUITests */,
				7072B318285B30AC0080F96A /* Products */,
				A4A99E956C3E1505EA8474D4 /* Pods */,
				09112F54D7C4EE5DC91896A8 /* Frameworks */,
			);
			sourceTree = "<group>";
		};
		7072B318285B30AC0080F96A /* Products */ = {
			isa = PBXGroup;
			children = (
				7072B317285B30AC0080F96A /* UIKIT-Handbook.app */,
				7072B32D285B30AD0080F96A /* UIKIT-HandbookTests.xctest */,
				7072B337285B30AD0080F96A /* UIKIT-HandbookUITests.xctest */,
			);
			name = Products;
			sourceTree = "<group>";
		};
		7072B319285B30AC0080F96A /* UIKIT-Handbook */ = {
			isa = PBXGroup;
			children = (
				7072B34D285B33150080F96A /* Base */,
				7072B34A285B328F0080F96A /* Utilities */,
				7072B31A285B30AC0080F96A /* AppDelegate.swift */,
				7072B31C285B30AC0080F96A /* SceneDelegate.swift */,
				7072B323285B30AD0080F96A /* Assets.xcassets */,
				7072B325285B30AD0080F96A /* LaunchScreen.storyboard */,
				7072B328285B30AD0080F96A /* Info.plist */,
			);
			path = "UIKIT-Handbook";
			sourceTree = "<group>";
		};
		7072B330285B30AD0080F96A /* UIKIT-HandbookTests */ = {
			isa = PBXGroup;
			children = (
				7072B331285B30AD0080F96A /* UIKIT_HandbookTests.swift */,
			);
			path = "UIKIT-HandbookTests";
			sourceTree = "<group>";
		};
		7072B33A285B30AD0080F96A /* UIKIT-HandbookUITests */ = {
			isa = PBXGroup;
			children = (
				7072B33B285B30AD0080F96A /* UIKIT_HandbookUITests.swift */,
				7072B33D285B30AD0080F96A /* UIKIT_HandbookUITestsLaunchTests.swift */,
			);
			path = "UIKIT-HandbookUITests";
			sourceTree = "<group>";
		};
		7072B34A285B328F0080F96A /* Utilities */ = {
			isa = PBXGroup;
			children = (
				7072B34B285B32AC0080F96A /* ExtensionUI.swift */,
				7072B352285B35700080F96A /* HexStringToUIColor.swift */,
				70E4A3EE285B384F0052A19D /* Toast.swift */,
				70E4A3F0285B38950052A19D /* UIView+Extension.swift */,
			);
			path = Utilities;
			sourceTree = "<group>";
		};
		7072B34D285B33150080F96A /* Base */ = {
			isa = PBXGroup;
			children = (
				7072B31E285B30AC0080F96A /* ViewController.swift */,
				7072B320285B30AC0080F96A /* Main.storyboard */,
				7072B34E285B33670080F96A /* TabBarViewController.swift */,
				7072B350285B33A00080F96A /* RootViewController.swift */,
			);
			path = Base;
			sourceTree = "<group>";
		};
		A4A99E956C3E1505EA8474D4 /* Pods */ = {
			isa = PBXGroup;
			children = (
				7500B69C59A6776AB9ABBE29 /* Pods-UIKIT-Handbook.debug.xcconfig */,
				4C799609ABC3276475596F8E /* Pods-UIKIT-Handbook.release.xcconfig */,
				6A365B1A435524D13634ABF2 /* Pods-UIKIT-Handbook-UIKIT-HandbookUITests.debug.xcconfig */,
				66A0ECAEC8FE9AF51C9E4187 /* Pods-UIKIT-Handbook-UIKIT-HandbookUITests.release.xcconfig */,
				B1E0659434D4F431D077A47F /* Pods-UIKIT-HandbookTests.debug.xcconfig */,
				906F9A588EE080122585A997 /* Pods-UIKIT-HandbookTests.release.xcconfig */,
			);
			path = Pods;
			sourceTree = "<group>";
		};
/* End PBXGroup section */

/* Begin PBXNativeTarget section */
		7072B316285B30AC0080F96A /* UIKIT-Handbook */ = {
			isa = PBXNativeTarget;
			buildConfigurationList = 7072B341285B30AD0080F96A /* Build configuration list for PBXNativeTarget "UIKIT-Handbook" */;
			buildPhases = (
				A3CB4EAC60D209D6C885F352 /* [CP] Check Pods Manifest.lock */,
				7072B313285B30AC0080F96A /* Sources */,
				7072B314285B30AC0080F96A /* Frameworks */,
				7072B315285B30AC0080F96A /* Resources */,
				5B7BB04A5737B2D59D2C337A /* [CP] Embed Pods Frameworks */,
			);
			buildRules = (
			);
			dependencies = (
			);
			name = "UIKIT-Handbook";
			productName = "UIKIT-Handbook";
			productReference = 7072B317285B30AC0080F96A /* UIKIT-Handbook.app */;
			productType = "com.apple.product-type.application";
		};
		7072B32C285B30AD0080F96A /* UIKIT-HandbookTests */ = {
			isa = PBXNativeTarget;
			buildConfigurationList = 7072B344285B30AD0080F96A /* Build configuration list for PBXNativeTarget "UIKIT-HandbookTests" */;
			buildPhases = (
				B65989C0FB5B7BBB585D7966 /* [CP] Check Pods Manifest.lock */,
				7072B329285B30AD0080F96A /* Sources */,
				7072B32A285B30AD0080F96A /* Frameworks */,
				7072B32B285B30AD0080F96A /* Resources */,
			);
			buildRules = (
			);
			dependencies = (
				7072B32F285B30AD0080F96A /* PBXTargetDependency */,
			);
			name = "UIKIT-HandbookTests";
			productName = "UIKIT-HandbookTests";
			productReference = 7072B32D285B30AD0080F96A /* UIKIT-HandbookTests.xctest */;
			productType = "com.apple.product-type.bundle.unit-test";
		};
		7072B336285B30AD0080F96A /* UIKIT-HandbookUITests */ = {
			isa = PBXNativeTarget;
			buildConfigurationList = 7072B347285B30AD0080F96A /* Build configuration list for PBXNativeTarget "UIKIT-HandbookUITests" */;
			buildPhases = (
				0800D15FB46C45D0D44A8A36 /* [CP] Check Pods Manifest.lock */,
				7072B333285B30AD0080F96A /* Sources */,
				7072B334285B30AD0080F96A /* Frameworks */,
				7072B335285B30AD0080F96A /* Resources */,
				746A8D679FE7A3DDF3FE2345 /* [CP] Embed Pods Frameworks */,
			);
			buildRules = (
			);
			dependencies = (
				7072B339285B30AD0080F96A /* PBXTargetDependency */,
			);
			name = "UIKIT-HandbookUITests";
			productName = "UIKIT-HandbookUITests";
			productReference = 7072B337285B30AD0080F96A /* UIKIT-HandbookUITests.xctest */;
			productType = "com.apple.product-type.bundle.ui-testing";
		};
/* End PBXNativeTarget section */

/* Begin PBXProject section */
		7072B30F285B30AC0080F96A /* Project object */ = {
			isa = PBXProject;
			attributes = {
				BuildIndependentTargetsInParallel = 1;
				LastSwiftUpdateCheck = 1330;
				LastUpgradeCheck = 1330;
				TargetAttributes = {
					7072B316285B30AC0080F96A = {
						CreatedOnToolsVersion = 13.3;
					};
					7072B32C285B30AD0080F96A = {
						CreatedOnToolsVersion = 13.3;
						TestTargetID = 7072B316285B30AC0080F96A;
					};
					7072B336285B30AD0080F96A = {
						CreatedOnToolsVersion = 13.3;
						TestTargetID = 7072B316285B30AC0080F96A;
					};
				};
			};
			buildConfigurationList = 7072B312285B30AC0080F96A /* Build configuration list for PBXProject "UIKIT-Handbook" */;
			compatibilityVersion = "Xcode 13.0";
			developmentRegion = en;
			hasScannedForEncodings = 0;
			knownRegions = (
				en,
				Base,
			);
			mainGroup = 7072B30E285B30AC0080F96A;
			productRefGroup = 7072B318285B30AC0080F96A /* Products */;
			projectDirPath = "";
			projectRoot = "";
			targets = (
				7072B316285B30AC0080F96A /* UIKIT-Handbook */,
				7072B32C285B30AD0080F96A /* UIKIT-HandbookTests */,
				7072B336285B30AD0080F96A /* UIKIT-HandbookUITests */,
			);
		};
/* End PBXProject section */

/* Begin PBXResourcesBuildPhase section */
		7072B315285B30AC0080F96A /* Resources */ = {
			isa = PBXResourcesBuildPhase;
			buildActionMask = 2147483647;
			files = (
				7072B327285B30AD0080F96A /* LaunchScreen.storyboard in Resources */,
				7072B324285B30AD0080F96A /* Assets.xcassets in Resources */,
				7072B322285B30AC0080F96A /* Main.storyboard in Resources */,
			);
			runOnlyForDeploymentPostprocessing = 0;
		};
		7072B32B285B30AD0080F96A /* Resources */ = {
			isa = PBXResourcesBuildPhase;
			buildActionMask = 2147483647;
			files = (
			);
			runOnlyForDeploymentPostprocessing = 0;
		};
		7072B335285B30AD0080F96A /* Resources */ = {
			isa = PBXResourcesBuildPhase;
			buildActionMask = 2147483647;
			files = (
			);
			runOnlyForDeploymentPostprocessing = 0;
		};
/* End PBXResourcesBuildPhase section */

/* Begin PBXShellScriptBuildPhase section */
		0800D15FB46C45D0D44A8A36 /* [CP] Check Pods Manifest.lock */ = {
			isa = PBXShellScriptBuildPhase;
			buildActionMask = 2147483647;
			files = (
			);
			inputFileListPaths = (
			);
			inputPaths = (
				"${PODS_PODFILE_DIR_PATH}/Podfile.lock",
				"${PODS_ROOT}/Manifest.lock",
			);
			name = "[CP] Check Pods Manifest.lock";
			outputFileListPaths = (
			);
			outputPaths = (
				"$(DERIVED_FILE_DIR)/Pods-UIKIT-Handbook-UIKIT-HandbookUITests-checkManifestLockResult.txt",
			);
			runOnlyForDeploymentPostprocessing = 0;
			shellPath = /bin/sh;
			shellScript = "diff \"${PODS_PODFILE_DIR_PATH}/Podfile.lock\" \"${PODS_ROOT}/Manifest.lock\" > /dev/null\nif [ $? != 0 ] ; then\n    # print error to STDERR\n    echo \"error: The sandbox is not in sync with the Podfile.lock. Run 'pod install' or update your CocoaPods installation.\" >&2\n    exit 1\nfi\n# This output is used by Xcode 'outputs' to avoid re-running this script phase.\necho \"SUCCESS\" > \"${SCRIPT_OUTPUT_FILE_0}\"\n";
			showEnvVarsInLog = 0;
		};
		5B7BB04A5737B2D59D2C337A /* [CP] Embed Pods Frameworks */ = {
			isa = PBXShellScriptBuildPhase;
			buildActionMask = 2147483647;
			files = (
			);
			inputFileListPaths = (
				"${PODS_ROOT}/Target Support Files/Pods-UIKIT-Handbook/Pods-UIKIT-Handbook-frameworks-${CONFIGURATION}-input-files.xcfilelist",
			);
			name = "[CP] Embed Pods Frameworks";
			outputFileListPaths = (
				"${PODS_ROOT}/Target Support Files/Pods-UIKIT-Handbook/Pods-UIKIT-Handbook-frameworks-${CONFIGURATION}-output-files.xcfilelist",
			);
			runOnlyForDeploymentPostprocessing = 0;
			shellPath = /bin/sh;
			shellScript = "\"${PODS_ROOT}/Target Support Files/Pods-UIKIT-Handbook/Pods-UIKIT-Handbook-frameworks.sh\"\n";
			showEnvVarsInLog = 0;
		};
		746A8D679FE7A3DDF3FE2345 /* [CP] Embed Pods Frameworks */ = {
			isa = PBXShellScriptBuildPhase;
			buildActionMask = 2147483647;
			files = (
			);
			inputFileListPaths = (
				"${PODS_ROOT}/Target Support Files/Pods-UIKIT-Handbook-UIKIT-HandbookUITests/Pods-UIKIT-Handbook-UIKIT-HandbookUITests-frameworks-${CONFIGURATION}-input-files.xcfilelist",
			);
			name = "[CP] Embed Pods Frameworks";
			outputFileListPaths = (
				"${PODS_ROOT}/Target Support Files/Pods-UIKIT-Handbook-UIKIT-HandbookUITests/Pods-UIKIT-Handbook-UIKIT-HandbookUITests-frameworks-${CONFIGURATION}-output-files.xcfilelist",
			);
			runOnlyForDeploymentPostprocessing = 0;
			shellPath = /bin/sh;
			shellScript = "\"${PODS_ROOT}/Target Support Files/Pods-UIKIT-Handbook-UIKIT-HandbookUITests/Pods-UIKIT-Handbook-UIKIT-HandbookUITests-frameworks.sh\"\n";
			showEnvVarsInLog = 0;
		};
		A3CB4EAC60D209D6C885F352 /* [CP] Check Pods Manifest.lock */ = {
			isa = PBXShellScriptBuildPhase;
			buildActionMask = 2147483647;
			files = (
			);
			inputFileListPaths = (
			);
			inputPaths = (
				"${PODS_PODFILE_DIR_PATH}/Podfile.lock",
				"${PODS_ROOT}/Manifest.lock",
			);
			name = "[CP] Check Pods Manifest.lock";
			outputFileListPaths = (
			);
			outputPaths = (
				"$(DERIVED_FILE_DIR)/Pods-UIKIT-Handbook-checkManifestLockResult.txt",
			);
			runOnlyForDeploymentPostprocessing = 0;
			shellPath = /bin/sh;
			shellScript = "diff \"${PODS_PODFILE_DIR_PATH}/Podfile.lock\" \"${PODS_ROOT}/Manifest.lock\" > /dev/null\nif [ $? != 0 ] ; then\n    # print error to STDERR\n    echo \"error: The sandbox is not in sync with the Podfile.lock. Run 'pod install' or update your CocoaPods installation.\" >&2\n    exit 1\nfi\n# This output is used by Xcode 'outputs' to avoid re-running this script phase.\necho \"SUCCESS\" > \"${SCRIPT_OUTPUT_FILE_0}\"\n";
			showEnvVarsInLog = 0;
		};
		B65989C0FB5B7BBB585D7966 /* [CP] Check Pods Manifest.lock */ = {
			isa = PBXShellScriptBuildPhase;
			buildActionMask = 2147483647;
			files = (
			);
			inputFileListPaths = (
			);
			inputPaths = (
				"${PODS_PODFILE_DIR_PATH}/Podfile.lock",
				"${PODS_ROOT}/Manifest.lock",
			);
			name = "[CP] Check Pods Manifest.lock";
			outputFileListPaths = (
			);
			outputPaths = (
				"$(DERIVED_FILE_DIR)/Pods-UIKIT-HandbookTests-checkManifestLockResult.txt",
			);
			runOnlyForDeploymentPostprocessing = 0;
			shellPath = /bin/sh;
			shellScript = "diff \"${PODS_PODFILE_DIR_PATH}/Podfile.lock\" \"${PODS_ROOT}/Manifest.lock\" > /dev/null\nif [ $? != 0 ] ; then\n    # print error to STDERR\n    echo \"error: The sandbox is not in sync with the Podfile.lock. Run 'pod install' or update your CocoaPods installation.\" >&2\n    exit 1\nfi\n# This output is used by Xcode 'outputs' to avoid re-running this script phase.\necho \"SUCCESS\" > \"${SCRIPT_OUTPUT_FILE_0}\"\n";
			showEnvVarsInLog = 0;
		};
/* End PBXShellScriptBuildPhase section */

/* Begin PBXSourcesBuildPhase section */
		7072B313285B30AC0080F96A /* Sources */ = {
			isa = PBXSourcesBuildPhase;
			buildActionMask = 2147483647;
			files = (
				7072B31F285B30AC0080F96A /* ViewController.swift in Sources */,
				70E4A3EF285B384F0052A19D /* Toast.swift in Sources */,
				7072B31B285B30AC0080F96A /* AppDelegate.swift in Sources */,
				70E4A3F1285B38950052A19D /* UIView+Extension.swift in Sources */,
				7072B351285B33A00080F96A /* RootViewController.swift in Sources */,
				7072B31D285B30AC0080F96A /* SceneDelegate.swift in Sources */,
				7072B353285B35700080F96A /* HexStringToUIColor.swift in Sources */,
				7072B34F285B33670080F96A /* TabBarViewController.swift in Sources */,
				7072B34C285B32AC0080F96A /* ExtensionUI.swift in Sources */,
			);
			runOnlyForDeploymentPostprocessing = 0;
		};
		7072B329285B30AD0080F96A /* Sources */ = {
			isa = PBXSourcesBuildPhase;
			buildActionMask = 2147483647;
			files = (
				7072B332285B30AD0080F96A /* UIKIT_HandbookTests.swift in Sources */,
			);
			runOnlyForDeploymentPostprocessing = 0;
		};
		7072B333285B30AD0080F96A /* Sources */ = {
			isa = PBXSourcesBuildPhase;
			buildActionMask = 2147483647;
			files = (
				7072B33C285B30AD0080F96A /* UIKIT_HandbookUITests.swift in Sources */,
				7072B33E285B30AD0080F96A /* UIKIT_HandbookUITestsLaunchTests.swift in Sources */,
			);
			runOnlyForDeploymentPostprocessing = 0;
		};
/* End PBXSourcesBuildPhase section */

/* Begin PBXTargetDependency section */
		7072B32F285B30AD0080F96A /* PBXTargetDependency */ = {
			isa = PBXTargetDependency;
			target = 7072B316285B30AC0080F96A /* UIKIT-Handbook */;
			targetProxy = 7072B32E285B30AD0080F96A /* PBXContainerItemProxy */;
		};
		7072B339285B30AD0080F96A /* PBXTargetDependency */ = {
			isa = PBXTargetDependency;
			target = 7072B316285B30AC0080F96A /* UIKIT-Handbook */;
			targetProxy = 7072B338285B30AD0080F96A /* PBXContainerItemProxy */;
		};
/* End PBXTargetDependency section */

/* Begin PBXVariantGroup section */
		7072B320285B30AC0080F96A /* Main.storyboard */ = {
			isa = PBXVariantGroup;
			children = (
				7072B321285B30AC0080F96A /* Base */,
			);
			name = Main.storyboard;
			sourceTree = "<group>";
		};
		7072B325285B30AD0080F96A /* LaunchScreen.storyboard */ = {
			isa = PBXVariantGroup;
			children = (
				7072B326285B30AD0080F96A /* Base */,
			);
			name = LaunchScreen.storyboard;
			sourceTree = "<group>";
		};
/* End PBXVariantGroup section */

/* Begin XCBuildConfiguration section */
		7072B33F285B30AD0080F96A /* Debug */ = {
			isa = XCBuildConfiguration;
			buildSettings = {
				ALWAYS_SEARCH_USER_PATHS = NO;
				CLANG_ANALYZER_NONNULL = YES;
				CLANG_ANALYZER_NUMBER_OBJECT_CONVERSION = YES_AGGRESSIVE;
				CLANG_CXX_LANGUAGE_STANDARD = "gnu++17";
				CLANG_ENABLE_MODULES = YES;
				CLANG_ENABLE_OBJC_ARC = YES;
				CLANG_ENABLE_OBJC_WEAK = YES;
				CLANG_WARN_BLOCK_CAPTURE_AUTORELEASING = YES;
				CLANG_WARN_BOOL_CONVERSION = YES;
				CLANG_WARN_COMMA = YES;
				CLANG_WARN_CONSTANT_CONVERSION = YES;
				CLANG_WARN_DEPRECATED_OBJC_IMPLEMENTATIONS = YES;
				CLANG_WARN_DIRECT_OBJC_ISA_USAGE = YES_ERROR;
				CLANG_WARN_DOCUMENTATION_COMMENTS = YES;
				CLANG_WARN_EMPTY_BODY = YES;
				CLANG_WARN_ENUM_CONVERSION = YES;
				CLANG_WARN_INFINITE_RECURSION = YES;
				CLANG_WARN_INT_CONVERSION = YES;
				CLANG_WARN_NON_LITERAL_NULL_CONVERSION = YES;
				CLANG_WARN_OBJC_IMPLICIT_RETAIN_SELF = YES;
				CLANG_WARN_OBJC_LITERAL_CONVERSION = YES;
				CLANG_WARN_OBJC_ROOT_CLASS = YES_ERROR;
				CLANG_WARN_QUOTED_INCLUDE_IN_FRAMEWORK_HEADER = YES;
				CLANG_WARN_RANGE_LOOP_ANALYSIS = YES;
				CLANG_WARN_STRICT_PROTOTYPES = YES;
				CLANG_WARN_SUSPICIOUS_MOVE = YES;
				CLANG_WARN_UNGUARDED_AVAILABILITY = YES_AGGRESSIVE;
				CLANG_WARN_UNREACHABLE_CODE = YES;
				CLANG_WARN__DUPLICATE_METHOD_MATCH = YES;
				COPY_PHASE_STRIP = NO;
				DEBUG_INFORMATION_FORMAT = dwarf;
				ENABLE_STRICT_OBJC_MSGSEND = YES;
				ENABLE_TESTABILITY = YES;
				GCC_C_LANGUAGE_STANDARD = gnu11;
				GCC_DYNAMIC_NO_PIC = NO;
				GCC_NO_COMMON_BLOCKS = YES;
				GCC_OPTIMIZATION_LEVEL = 0;
				GCC_PREPROCESSOR_DEFINITIONS = (
					"DEBUG=1",
					"$(inherited)",
				);
				GCC_WARN_64_TO_32_BIT_CONVERSION = YES;
				GCC_WARN_ABOUT_RETURN_TYPE = YES_ERROR;
				GCC_WARN_UNDECLARED_SELECTOR = YES;
				GCC_WARN_UNINITIALIZED_AUTOS = YES_AGGRESSIVE;
				GCC_WARN_UNUSED_FUNCTION = YES;
				GCC_WARN_UNUSED_VARIABLE = YES;
				IPHONEOS_DEPLOYMENT_TARGET = 15.4;
				MTL_ENABLE_DEBUG_INFO = INCLUDE_SOURCE;
				MTL_FAST_MATH = YES;
				ONLY_ACTIVE_ARCH = YES;
				SDKROOT = iphoneos;
				SWIFT_ACTIVE_COMPILATION_CONDITIONS = DEBUG;
				SWIFT_OPTIMIZATION_LEVEL = "-Onone";
			};
			name = Debug;
		};
		7072B340285B30AD0080F96A /* Release */ = {
			isa = XCBuildConfiguration;
			buildSettings = {
				ALWAYS_SEARCH_USER_PATHS = NO;
				CLANG_ANALYZER_NONNULL = YES;
				CLANG_ANALYZER_NUMBER_OBJECT_CONVERSION = YES_AGGRESSIVE;
				CLANG_CXX_LANGUAGE_STANDARD = "gnu++17";
				CLANG_ENABLE_MODULES = YES;
				CLANG_ENABLE_OBJC_ARC = YES;
				CLANG_ENABLE_OBJC_WEAK = YES;
				CLANG_WARN_BLOCK_CAPTURE_AUTORELEASING = YES;
				CLANG_WARN_BOOL_CONVERSION = YES;
				CLANG_WARN_COMMA = YES;
				CLANG_WARN_CONSTANT_CONVERSION = YES;
				CLANG_WARN_DEPRECATED_OBJC_IMPLEMENTATIONS = YES;
				CLANG_WARN_DIRECT_OBJC_ISA_USAGE = YES_ERROR;
				CLANG_WARN_DOCUMENTATION_COMMENTS = YES;
				CLANG_WARN_EMPTY_BODY = YES;
				CLANG_WARN_ENUM_CONVERSION = YES;
				CLANG_WARN_INFINITE_RECURSION = YES;
				CLANG_WARN_INT_CONVERSION = YES;
				CLANG_WARN_NON_LITERAL_NULL_CONVERSION = YES;
				CLANG_WARN_OBJC_IMPLICIT_RETAIN_SELF = YES;
				CLANG_WARN_OBJC_LITERAL_CONVERSION = YES;
				CLANG_WARN_OBJC_ROOT_CLASS = YES_ERROR;
				CLANG_WARN_QUOTED_INCLUDE_IN_FRAMEWORK_HEADER = YES;
				CLANG_WARN_RANGE_LOOP_ANALYSIS = YES;
				CLANG_WARN_STRICT_PROTOTYPES = YES;
				CLANG_WARN_SUSPICIOUS_MOVE = YES;
				CLANG_WARN_UNGUARDED_AVAILABILITY = YES_AGGRESSIVE;
				CLANG_WARN_UNREACHABLE_CODE = YES;
				CLANG_WARN__DUPLICATE_METHOD_MATCH = YES;
				COPY_PHASE_STRIP = NO;
				DEBUG_INFORMATION_FORMAT = "dwarf-with-dsym";
				ENABLE_NS_ASSERTIONS = NO;
				ENABLE_STRICT_OBJC_MSGSEND = YES;
				GCC_C_LANGUAGE_STANDARD = gnu11;
				GCC_NO_COMMON_BLOCKS = YES;
				GCC_WARN_64_TO_32_BIT_CONVERSION = YES;
				GCC_WARN_ABOUT_RETURN_TYPE = YES_ERROR;
				GCC_WARN_UNDECLARED_SELECTOR = YES;
				GCC_WARN_UNINITIALIZED_AUTOS = YES_AGGRESSIVE;
				GCC_WARN_UNUSED_FUNCTION = YES;
				GCC_WARN_UNUSED_VARIABLE = YES;
				IPHONEOS_DEPLOYMENT_TARGET = 15.4;
				MTL_ENABLE_DEBUG_INFO = NO;
				MTL_FAST_MATH = YES;
				SDKROOT = iphoneos;
				SWIFT_COMPILATION_MODE = wholemodule;
				SWIFT_OPTIMIZATION_LEVEL = "-O";
				VALIDATE_PRODUCT = YES;
			};
			name = Release;
		};
		7072B342285B30AD0080F96A /* Debug */ = {
			isa = XCBuildConfiguration;
			baseConfigurationReference = 7500B69C59A6776AB9ABBE29 /* Pods-UIKIT-Handbook.debug.xcconfig */;
			buildSettings = {
				ASSETCATALOG_COMPILER_APPICON_NAME = AppIcon;
				ASSETCATALOG_COMPILER_GLOBAL_ACCENT_COLOR_NAME = AccentColor;
				CODE_SIGN_STYLE = Automatic;
				CURRENT_PROJECT_VERSION = 1;
				DEVELOPMENT_TEAM = W6NYRRRG5Q;
				GENERATE_INFOPLIST_FILE = YES;
				INFOPLIST_FILE = "UIKIT-Handbook/Info.plist";
				INFOPLIST_KEY_UIApplicationSupportsIndirectInputEvents = YES;
				INFOPLIST_KEY_UILaunchStoryboardName = LaunchScreen;
				INFOPLIST_KEY_UIMainStoryboardFile = Main;
				INFOPLIST_KEY_UISupportedInterfaceOrientations_iPad = "UIInterfaceOrientationPortrait UIInterfaceOrientationPortraitUpsideDown UIInterfaceOrientationLandscapeLeft UIInterfaceOrientationLandscapeRight";
				INFOPLIST_KEY_UISupportedInterfaceOrientations_iPhone = "UIInterfaceOrientationPortrait UIInterfaceOrientationLandscapeLeft UIInterfaceOrientationLandscapeRight";
				LD_RUNPATH_SEARCH_PATHS = (
					"$(inherited)",
					"@executable_path/Frameworks",
				);
				MARKETING_VERSION = 1.0;
				PRODUCT_BUNDLE_IDENTIFIER = "com.dhikadityre.UIKIT-Handbook";
				PRODUCT_NAME = "$(TARGET_NAME)";
				SWIFT_EMIT_LOC_STRINGS = YES;
				SWIFT_VERSION = 5.0;
				TARGETED_DEVICE_FAMILY = "1,2";
			};
			name = Debug;
		};
		7072B343285B30AD0080F96A /* Release */ = {
			isa = XCBuildConfiguration;
			baseConfigurationReference = 4C799609ABC3276475596F8E /* Pods-UIKIT-Handbook.release.xcconfig */;
			buildSettings = {
				ASSETCATALOG_COMPILER_APPICON_NAME = AppIcon;
				ASSETCATALOG_COMPILER_GLOBAL_ACCENT_COLOR_NAME = AccentColor;
				CODE_SIGN_STYLE = Automatic;
				CURRENT_PROJECT_VERSION = 1;
				DEVELOPMENT_TEAM = W6NYRRRG5Q;
				GENERATE_INFOPLIST_FILE = YES;
				INFOPLIST_FILE = "UIKIT-Handbook/Info.plist";
				INFOPLIST_KEY_UIApplicationSupportsIndirectInputEvents = YES;
				INFOPLIST_KEY_UILaunchStoryboardName = LaunchScreen;
				INFOPLIST_KEY_UIMainStoryboardFile = Main;
				INFOPLIST_KEY_UISupportedInterfaceOrientations_iPad = "UIInterfaceOrientationPortrait UIInterfaceOrientationPortraitUpsideDown UIInterfaceOrientationLandscapeLeft UIInterfaceOrientationLandscapeRight";
				INFOPLIST_KEY_UISupportedInterfaceOrientations_iPhone = "UIInterfaceOrientationPortrait UIInterfaceOrientationLandscapeLeft UIInterfaceOrientationLandscapeRight";
				LD_RUNPATH_SEARCH_PATHS = (
					"$(inherited)",
					"@executable_path/Frameworks",
				);
				MARKETING_VERSION = 1.0;
				PRODUCT_BUNDLE_IDENTIFIER = "com.dhikadityre.UIKIT-Handbook";
				PRODUCT_NAME = "$(TARGET_NAME)";
				SWIFT_EMIT_LOC_STRINGS = YES;
				SWIFT_VERSION = 5.0;
				TARGETED_DEVICE_FAMILY = "1,2";
			};
			name = Release;
		};
		7072B345285B30AD0080F96A /* Debug */ = {
			isa = XCBuildConfiguration;
			baseConfigurationReference = B1E0659434D4F431D077A47F /* Pods-UIKIT-HandbookTests.debug.xcconfig */;
			buildSettings = {
				ALWAYS_EMBED_SWIFT_STANDARD_LIBRARIES = YES;
				BUNDLE_LOADER = "$(TEST_HOST)";
				CODE_SIGN_STYLE = Automatic;
				CURRENT_PROJECT_VERSION = 1;
				DEVELOPMENT_TEAM = W6NYRRRG5Q;
				GENERATE_INFOPLIST_FILE = YES;
				IPHONEOS_DEPLOYMENT_TARGET = 15.4;
				MARKETING_VERSION = 1.0;
				PRODUCT_BUNDLE_IDENTIFIER = "com.dhikadityre.UIKIT-HandbookTests";
				PRODUCT_NAME = "$(TARGET_NAME)";
				SWIFT_EMIT_LOC_STRINGS = NO;
				SWIFT_VERSION = 5.0;
				TARGETED_DEVICE_FAMILY = "1,2";
				TEST_HOST = "$(BUILT_PRODUCTS_DIR)/UIKIT-Handbook.app/UIKIT-Handbook";
			};
			name = Debug;
		};
		7072B346285B30AD0080F96A /* Release */ = {
			isa = XCBuildConfiguration;
			baseConfigurationReference = 906F9A588EE080122585A997 /* Pods-UIKIT-HandbookTests.release.xcconfig */;
			buildSettings = {
				ALWAYS_EMBED_SWIFT_STANDARD_LIBRARIES = YES;
				BUNDLE_LOADER = "$(TEST_HOST)";
				CODE_SIGN_STYLE = Automatic;
				CURRENT_PROJECT_VERSION = 1;
				DEVELOPMENT_TEAM = W6NYRRRG5Q;
				GENERATE_INFOPLIST_FILE = YES;
				IPHONEOS_DEPLOYMENT_TARGET = 15.4;
				MARKETING_VERSION = 1.0;
				PRODUCT_BUNDLE_IDENTIFIER = "com.dhikadityre.UIKIT-HandbookTests";
				PRODUCT_NAME = "$(TARGET_NAME)";
				SWIFT_EMIT_LOC_STRINGS = NO;
				SWIFT_VERSION = 5.0;
				TARGETED_DEVICE_FAMILY = "1,2";
				TEST_HOST = "$(BUILT_PRODUCTS_DIR)/UIKIT-Handbook.app/UIKIT-Handbook";
			};
			name = Release;
		};
		7072B348285B30AD0080F96A /* Debug */ = {
			isa = XCBuildConfiguration;
			baseConfigurationReference = 6A365B1A435524D13634ABF2 /* Pods-UIKIT-Handbook-UIKIT-HandbookUITests.debug.xcconfig */;
			buildSettings = {
				ALWAYS_EMBED_SWIFT_STANDARD_LIBRARIES = YES;
				CODE_SIGN_STYLE = Automatic;
				CURRENT_PROJECT_VERSION = 1;
				DEVELOPMENT_TEAM = W6NYRRRG5Q;
				GENERATE_INFOPLIST_FILE = YES;
				MARKETING_VERSION = 1.0;
				PRODUCT_BUNDLE_IDENTIFIER = "com.dhikadityre.UIKIT-HandbookUITests";
				PRODUCT_NAME = "$(TARGET_NAME)";
				SWIFT_EMIT_LOC_STRINGS = NO;
				SWIFT_VERSION = 5.0;
				TARGETED_DEVICE_FAMILY = "1,2";
				TEST_TARGET_NAME = "UIKIT-Handbook";
			};
			name = Debug;
		};
		7072B349285B30AD0080F96A /* Release */ = {
			isa = XCBuildConfiguration;
			baseConfigurationReference = 66A0ECAEC8FE9AF51C9E4187 /* Pods-UIKIT-Handbook-UIKIT-HandbookUITests.release.xcconfig */;
			buildSettings = {
				ALWAYS_EMBED_SWIFT_STANDARD_LIBRARIES = YES;
				CODE_SIGN_STYLE = Automatic;
				CURRENT_PROJECT_VERSION = 1;
				DEVELOPMENT_TEAM = W6NYRRRG5Q;
				GENERATE_INFOPLIST_FILE = YES;
				MARKETING_VERSION = 1.0;
				PRODUCT_BUNDLE_IDENTIFIER = "com.dhikadityre.UIKIT-HandbookUITests";
				PRODUCT_NAME = "$(TARGET_NAME)";
				SWIFT_EMIT_LOC_STRINGS = NO;
				SWIFT_VERSION = 5.0;
				TARGETED_DEVICE_FAMILY = "1,2";
				TEST_TARGET_NAME = "UIKIT-Handbook";
			};
			name = Release;
		};
/* End XCBuildConfiguration section */

/* Begin XCConfigurationList section */
		7072B312285B30AC0080F96A /* Build configuration list for PBXProject "UIKIT-Handbook" */ = {
			isa = XCConfigurationList;
			buildConfigurations = (
				7072B33F285B30AD0080F96A /* Debug */,
				7072B340285B30AD0080F96A /* Release */,
			);
			defaultConfigurationIsVisible = 0;
			defaultConfigurationName = Release;
		};
		7072B341285B30AD0080F96A /* Build configuration list for PBXNativeTarget "UIKIT-Handbook" */ = {
			isa = XCConfigurationList;
			buildConfigurations = (
				7072B342285B30AD0080F96A /* Debug */,
				7072B343285B30AD0080F96A /* Release */,
			);
			defaultConfigurationIsVisible = 0;
			defaultConfigurationName = Release;
		};
		7072B344285B30AD0080F96A /* Build configuration list for PBXNativeTarget "UIKIT-HandbookTests" */ = {
			isa = XCConfigurationList;
			buildConfigurations = (
				7072B345285B30AD0080F96A /* Debug */,
				7072B346285B30AD0080F96A /* Release */,
			);
			defaultConfigurationIsVisible = 0;
			defaultConfigurationName = Release;
		};
		7072B347285B30AD0080F96A /* Build configuration list for PBXNativeTarget "UIKIT-HandbookUITests" */ = {
			isa = XCConfigurationList;
			buildConfigurations = (
				7072B348285B30AD0080F96A /* Debug */,
				7072B349285B30AD0080F96A /* Release */,
			);
			defaultConfigurationIsVisible = 0;
			defaultConfigurationName = Release;
		};
/* End XCConfigurationList section */
	};
	rootObject = 7072B30F285B30AC0080F96A /* Project object */;
}
